
Microsoft Visual Studio Solution File, Format Version 12.00
# Visual Studio Version 16
VisualStudioVersion = 16.0.29905.134
MinimumVisualStudioVersion = 10.0.40219.1
Project("{FAE04EC0-301F-11D3-BF4B-00C04F79EFBC}") = "PokeAnimation", "PokeAnimation\PokeAnimation\PokeAnimation.csproj", "{DFCA5AD5-1508-4D36-89FD-7B44637401AE}"
EndProject
Project("{FAE04EC0-301F-11D3-BF4B-00C04F79EFBC}") = "PokeAnimation.Android", "PokeAnimation\PokeAnimation.Android\PokeAnimation.Android.csproj", "{7CD58BAE-9B6B-47F1-B1AF-679D8F065360}"
EndProject
Project("{FAE04EC0-301F-11D3-BF4B-00C04F79EFBC}") = "PokeAnimation.iOS", "PokeAnimation\PokeAnimation.iOS\PokeAnimation.iOS.csproj", "{7AB2DD14-99AF-473E-98C8-23A9DCACD6B4}"
EndProject
Global
	GlobalSection(SolutionConfigurationPlatforms) = preSolution
		Ad-Hoc|Any CPU = Ad-Hoc|Any CPU
		Ad-Hoc|iPhone = Ad-Hoc|iPhone
		Ad-Hoc|iPhoneSimulator = Ad-Hoc|iPhoneSimulator
		AppStore|Any CPU = AppStore|Any CPU
		AppStore|iPhone = AppStore|iPhone
		AppStore|iPhoneSimulator = AppStore|iPhoneSimulator
		Debug|Any CPU = Debug|Any CPU
		Debug|iPhone = Debug|iPhone
		Debug|iPhoneSimulator = Debug|iPhoneSimulator
		Release|Any CPU = Release|Any CPU
		Release|iPhone = Release|iPhone
		Release|iPhoneSimulator = Release|iPhoneSimulator
	EndGlobalSection
	GlobalSection(ProjectConfigurationPlatforms) = postSolution
		{DFCA5AD5-1508-4D36-89FD-7B44637401AE}.Ad-Hoc|Any CPU.ActiveCfg = Debug|Any CPU
		{DFCA5AD5-1508-4D36-89FD-7B44637401AE}.Ad-Hoc|Any CPU.Build.0 = Debug|Any CPU
		{DFCA5AD5-1508-4D36-89FD-7B44637401AE}.Ad-Hoc|iPhone.ActiveCfg = Debug|Any CPU
		{DFCA5AD5-1508-4D36-89FD-7B44637401AE}.Ad-Hoc|iPhone.Build.0 = Debug|Any CPU
		{DFCA5AD5-1508-4D36-89FD-7B44637401AE}.Ad-Hoc|iPhoneSimulator.ActiveCfg = Debug|Any CPU
		{DFCA5AD5-1508-4D36-89FD-7B44637401AE}.Ad-Hoc|iPhoneSimulator.Build.0 = Debug|Any CPU
		{DFCA5AD5-1508-4D36-89FD-7B44637401AE}.AppStore|Any CPU.ActiveCfg = Debug|Any CPU
		{DFCA5AD5-1508-4D36-89FD-7B44637401AE}.AppStore|Any CPU.Build.0 = Debug|Any CPU
		{DFCA5AD5-1508-4D36-89FD-7B44637401AE}.AppStore|iPhone.ActiveCfg = Debug|Any CPU
		{DFCA5AD5-1508-4D36-89FD-7B44637401AE}.AppStore|iPhone.Build.0 = Debug|Any CPU
		{DFCA5AD5-1508-4D36-89FD-7B44637401AE}.AppStore|iPhoneSimulator.ActiveCfg = Debug|Any CPU
		{DFCA5AD5-1508-4D36-89FD-7B44637401AE}.AppStore|iPhoneSimulator.Build.0 = Debug|Any CPU
		{DFCA5AD5-1508-4D36-89FD-7B44637401AE}.Debug|Any CPU.ActiveCfg = Debug|Any CPU
		{DFCA5AD5-1508-4D36-89FD-7B44637401AE}.Debug|Any CPU.Build.0 = Debug|Any CPU
		{DFCA5AD5-1508-4D36-89FD-7B44637401AE}.Debug|iPhone.ActiveCfg = Debug|Any CPU
		{DFCA5AD5-1508-4D36-89FD-7B44637401AE}.Debug|iPhone.Build.0 = Debug|Any CPU
		{DFCA5AD5-1508-4D36-89FD-7B44637401AE}.Debug|iPhoneSimulator.ActiveCfg = Debug|Any CPU
		{DFCA5AD5-1508-4D36-89FD-7B44637401AE}.Debug|iPhoneSimulator.Build.0 = Debug|Any CPU
		{DFCA5AD5-1508-4D36-89FD-7B44637401AE}.Release|Any CPU.ActiveCfg = Release|Any CPU
		{DFCA5AD5-1508-4D36-89FD-7B44637401AE}.Release|Any CPU.Build.0 = Release|Any CPU
		{DFCA5AD5-1508-4D36-89FD-7B44637401AE}.Release|iPhone.ActiveCfg = Release|Any CPU
		{DFCA5AD5-1508-4D36-89FD-7B44637401AE}.Release|iPhone.Build.0 = Release|Any CPU
		{DFCA5AD5-1508-4D36-89FD-7B44637401AE}.Release|iPhoneSimulator.ActiveCfg = Release|Any CPU
		{DFCA5AD5-1508-4D36-89FD-7B44637401AE}.Release|iPhoneSimulator.Build.0 = Release|Any CPU
		{7CD58BAE-9B6B-47F1-B1AF-679D8F065360}.Ad-Hoc|Any CPU.ActiveCfg = Release|Any CPU
		{7CD58BAE-9B6B-47F1-B1AF-679D8F065360}.Ad-Hoc|Any CPU.Build.0 = Release|Any CPU
		{7CD58BAE-9B6B-47F1-B1AF-679D8F065360}.Ad-Hoc|Any CPU.Deploy.0 = Release|Any CPU
		{7CD58BAE-9B6B-47F1-B1AF-679D8F065360}.Ad-Hoc|iPhone.ActiveCfg = Release|Any CPU
		{7CD58BAE-9B6B-47F1-B1AF-679D8F065360}.Ad-Hoc|iPhone.Build.0 = Release|Any CPU
		{7CD58BAE-9B6B-47F1-B1AF-679D8F065360}.Ad-Hoc|iPhone.Deploy.0 = Release|Any CPU
		{7CD58BAE-9B6B-47F1-B1AF-679D8F065360}.Ad-Hoc|iPhoneSimulator.ActiveCfg = Release|Any CPU
		{7CD58BAE-9B6B-47F1-B1AF-679D8F065360}.Ad-Hoc|iPhoneSimulator.Build.0 = Release|Any CPU
		{7CD58BAE-9B6B-47F1-B1AF-679D8F065360}.Ad-Hoc|iPhoneSimulator.Deploy.0 = Release|Any CPU
		{7CD58BAE-9B6B-47F1-B1AF-679D8F065360}.AppStore|Any CPU.ActiveCfg = Release|Any CPU
		{7CD58BAE-9B6B-47F1-B1AF-679D8F065360}.AppStore|Any CPU.Build.0 = Release|Any CPU
		{7CD58BAE-9B6B-47F1-B1AF-679D8F065360}.AppStore|Any CPU.Deploy.0 = Release|Any CPU
		{7CD58BAE-9B6B-47F1-B1AF-679D8F065360}.AppStore|iPhone.ActiveCfg = Release|Any CPU
		{7CD58BAE-9B6B-47F1-B1AF-679D8F065360}.AppStore|iPhone.Build.0 = Release|Any CPU
		{7CD58BAE-9B6B-47F1-B1AF-679D8F065360}.AppStore|iPhone.Deploy.0 = Release|Any CPU
		{7CD58BAE-9B6B-47F1-B1AF-679D8F065360}.AppStore|iPhoneSimulator.ActiveCfg = Release|Any CPU
		{7CD58BAE-9B6B-47F1-B1AF-679D8F065360}.AppStore|iPhoneSimulator.Build.0 = Release|Any CPU
		{7CD58BAE-9B6B-47F1-B1AF-679D8F065360}.AppStore|iPhoneSimulator.Deploy.0 = Release|Any CPU
		{7CD58BAE-9B6B-47F1-B1AF-679D8F065360}.Debug|Any CPU.ActiveCfg = Debug|Any CPU
		{7CD58BAE-9B6B-47F1-B1AF-679D8F065360}.Debug|Any CPU.Build.0 = Debug|Any CPU
		{7CD58BAE-9B6B-47F1-B1AF-679D8F065360}.Debug|Any CPU.Deploy.0 = Debug|Any CPU
		{7CD58BAE-9B6B-47F1-B1AF-679D8F065360}.Debug|iPhone.ActiveCfg = Debug|Any CPU
		{7CD58BAE-9B6B-47F1-B1AF-679D8F065360}.Debug|iPhone.Build.0 = Debug|Any CPU
		{7CD58BAE-9B6B-47F1-B1AF-679D8F065360}.Debug|iPhone.Deploy.0 = Debug|Any CPU
		{7CD58BAE-9B6B-47F1-B1AF-679D8F065360}.Debug|iPhoneSimulator.ActiveCfg = Debug|Any CPU
		{7CD58BAE-9B6B-47F1-B1AF-679D8F065360}.Debug|iPhoneSimulator.Build.0 = Debug|Any CPU
		{7CD58BAE-9B6B-47F1-B1AF-679D8F065360}.Debug|iPhoneSimulator.Deploy.0 = Debug|Any CPU
		{7CD58BAE-9B6B-47F1-B1AF-679D8F065360}.Release|Any CPU.ActiveCfg = Release|Any CPU
		{7CD58BAE-9B6B-47F1-B1AF-679D8F065360}.Release|Any CPU.Build.0 = Release|Any CPU
		{7CD58BAE-9B6B-47F1-B1AF-679D8F065360}.Release|Any CPU.Deploy.0 = Release|Any CPU
		{7CD58BAE-9B6B-47F1-B1AF-679D8F065360}.Release|iPhone.ActiveCfg = Release|Any CPU
		{7CD58BAE-9B6B-47F1-B1AF-679D8F065360}.Release|iPhone.Build.0 = Release|Any CPU
		{7CD58BAE-9B6B-47F1-B1AF-679D8F065360}.Release|iPhone.Deploy.0 = Release|Any CPU
		{7CD58BAE-9B6B-47F1-B1AF-679D8F065360}.Release|iPhoneSimulator.ActiveCfg = Release|Any CPU
		{7CD58BAE-9B6B-47F1-B1AF-679D8F065360}.Release|iPhoneSimulator.Build.0 = Release|Any CPU
		{7CD58BAE-9B6B-47F1-B1AF-679D8F065360}.Release|iPhoneSimulator.Deploy.0 = Release|Any CPU
		{7AB2DD14-99AF-473E-98C8-23A9DCACD6B4}.Ad-Hoc|Any CPU.ActiveCfg = Ad-Hoc|iPhone
		{7AB2DD14-99AF-473E-98C8-23A9DCACD6B4}.Ad-Hoc|iPhone.ActiveCfg = Ad-Hoc|iPhone
		{7AB2DD14-99AF-473E-98C8-23A9DCACD6B4}.Ad-Hoc|iPhone.Build.0 = Ad-Hoc|iPhone
		{7AB2DD14-99AF-473E-98C8-23A9DCACD6B4}.Ad-Hoc|iPhoneSimulator.ActiveCfg = Ad-Hoc|iPhoneSimulator
		{7AB2DD14-99AF-473E-98C8-23A9DCACD6B4}.Ad-Hoc|iPhoneSimulator.Build.0 = Ad-Hoc|iPhoneSimulator
		{7AB2DD14-99AF-473E-98C8-23A9DCACD6B4}.AppStore|Any CPU.ActiveCfg = AppStore|iPhone
		{7AB2DD14-99AF-473E-98C8-23A9DCACD6B4}.AppStore|iPhone.ActiveCfg = AppStore|iPhone
		{7AB2DD14-99AF-473E-98C8-23A9DCACD6B4}.AppStore|iPhone.Build.0 = AppStore|iPhone
		{7AB2DD14-99AF-473E-98C8-23A9DCACD6B4}.AppStore|iPhoneSimulator.ActiveCfg = AppStore|iPhoneSimulator
		{7AB2DD14-99AF-473E-98C8-23A9DCACD6B4}.AppStore|iPhoneSimulator.Build.0 = AppStore|iPhoneSimulator
		{7AB2DD14-99AF-473E-98C8-23A9DCACD6B4}.Debug|Any CPU.ActiveCfg = Debug|iPhone
		{7AB2DD14-99AF-473E-98C8-23A9DCACD6B4}.Debug|iPhone.ActiveCfg = Debug|iPhone
		{7AB2DD14-99AF-473E-98C8-23A9DCACD6B4}.Debug|iPhone.Build.0 = Debug|iPhone
		{7AB2DD14-99AF-473E-98C8-23A9DCACD6B4}.Debug|iPhoneSimulator.ActiveCfg = Debug|iPhoneSimulator
		{7AB2DD14-99AF-473E-98C8-23A9DCACD6B4}.Debug|iPhoneSimulator.Build.0 = Debug|iPhoneSimulator
		{7AB2DD14-99AF-473E-98C8-23A9DCACD6B4}.Release|Any CPU.ActiveCfg = Release|iPhone
		{7AB2DD14-99AF-473E-98C8-23A9DCACD6B4}.Release|iPhone.ActiveCfg = Release|iPhone
		{7AB2DD14-99AF-473E-98C8-23A9DCACD6B4}.Release|iPhone.Build.0 = Release|iPhone
		{7AB2DD14-99AF-473E-98C8-23A9DCACD6B4}.Release|iPhoneSimulator.ActiveCfg = Release|iPhoneSimulator
		{7AB2DD14-99AF-473E-98C8-23A9DCACD6B4}.Release|iPhoneSimulator.Build.0 = Release|iPhoneSimulator
	EndGlobalSection
	GlobalSection(SolutionProperties) = preSolution
		HideSolutionNode = FALSE
	EndGlobalSection
	GlobalSection(ExtensibilityGlobals) = postSolution
		SolutionGuid = {122EAFB4-DAD0-4228-A75B-DB21F13F35B0}
	EndGlobalSection
EndGlobal
