
Microsoft Visual Studio Solution File, Format Version 12.00
# Visual Studio Version 16
VisualStudioVersion = 16.0.29905.134
MinimumVisualStudioVersion = 10.0.40219.1
Project("{FAE04EC0-301F-11D3-BF4B-00C04F79EFBC}") = "PokeAnimation.Android", "PokeAnimation\PokeAnimation.Android\PokeAnimation.Android.csproj", "{7C1DD047-AC5E-427A-AD32-75315ABCB6AE}"
EndProject
Project("{FAE04EC0-301F-11D3-BF4B-00C04F79EFBC}") = "PokeAnimation.iOS", "PokeAnimation\PokeAnimation.iOS\PokeAnimation.iOS.csproj", "{2E585898-A4E7-4B91-B199-D9A7A0A368E4}"
EndProject
Project("{FAE04EC0-301F-11D3-BF4B-00C04F79EFBC}") = "PokeAnimation", "PokeAnimation\PokeAnimation\PokeAnimation.csproj", "{35236CF2-912D-4451-ABEE-6110FA031DF8}"
EndProject
Global
	GlobalSection(SolutionConfigurationPlatforms) = preSolution
		Debug|Any CPU = Debug|Any CPU
		Debug|iPhone = Debug|iPhone
		Debug|iPhoneSimulator = Debug|iPhoneSimulator
		Release|Any CPU = Release|Any CPU
		Release|iPhone = Release|iPhone
		Release|iPhoneSimulator = Release|iPhoneSimulator
	EndGlobalSection
	GlobalSection(ProjectConfigurationPlatforms) = postSolution
		{7C1DD047-AC5E-427A-AD32-75315ABCB6AE}.Debug|Any CPU.ActiveCfg = Debug|Any CPU
		{7C1DD047-AC5E-427A-AD32-75315ABCB6AE}.Debug|Any CPU.Build.0 = Debug|Any CPU
		{7C1DD047-AC5E-427A-AD32-75315ABCB6AE}.Debug|Any CPU.Deploy.0 = Debug|Any CPU
		{7C1DD047-AC5E-427A-AD32-75315ABCB6AE}.Debug|iPhone.ActiveCfg = Debug|Any CPU
		{7C1DD047-AC5E-427A-AD32-75315ABCB6AE}.Debug|iPhone.Build.0 = Debug|Any CPU
		{7C1DD047-AC5E-427A-AD32-75315ABCB6AE}.Debug|iPhone.Deploy.0 = Debug|Any CPU
		{7C1DD047-AC5E-427A-AD32-75315ABCB6AE}.Debug|iPhoneSimulator.ActiveCfg = Debug|Any CPU
		{7C1DD047-AC5E-427A-AD32-75315ABCB6AE}.Debug|iPhoneSimulator.Build.0 = Debug|Any CPU
		{7C1DD047-AC5E-427A-AD32-75315ABCB6AE}.Debug|iPhoneSimulator.Deploy.0 = Debug|Any CPU
		{7C1DD047-AC5E-427A-AD32-75315ABCB6AE}.Release|Any CPU.ActiveCfg = Release|Any CPU
		{7C1DD047-AC5E-427A-AD32-75315ABCB6AE}.Release|Any CPU.Build.0 = Release|Any CPU
		{7C1DD047-AC5E-427A-AD32-75315ABCB6AE}.Release|Any CPU.Deploy.0 = Release|Any CPU
		{7C1DD047-AC5E-427A-AD32-75315ABCB6AE}.Release|iPhone.ActiveCfg = Release|Any CPU
		{7C1DD047-AC5E-427A-AD32-75315ABCB6AE}.Release|iPhone.Build.0 = Release|Any CPU
		{7C1DD047-AC5E-427A-AD32-75315ABCB6AE}.Release|iPhone.Deploy.0 = Release|Any CPU
		{7C1DD047-AC5E-427A-AD32-75315ABCB6AE}.Release|iPhoneSimulator.ActiveCfg = Release|Any CPU
		{7C1DD047-AC5E-427A-AD32-75315ABCB6AE}.Release|iPhoneSimulator.Build.0 = Release|Any CPU
		{7C1DD047-AC5E-427A-AD32-75315ABCB6AE}.Release|iPhoneSimulator.Deploy.0 = Release|Any CPU
		{2E585898-A4E7-4B91-B199-D9A7A0A368E4}.Debug|Any CPU.ActiveCfg = Debug|iPhoneSimulator
		{2E585898-A4E7-4B91-B199-D9A7A0A368E4}.Debug|Any CPU.Build.0 = Debug|iPhoneSimulator
		{2E585898-A4E7-4B91-B199-D9A7A0A368E4}.Debug|Any CPU.Deploy.0 = Debug|iPhoneSimulator
		{2E585898-A4E7-4B91-B199-D9A7A0A368E4}.Debug|iPhone.ActiveCfg = Debug|iPhone
		{2E585898-A4E7-4B91-B199-D9A7A0A368E4}.Debug|iPhone.Build.0 = Debug|iPhone
		{2E585898-A4E7-4B91-B199-D9A7A0A368E4}.Debug|iPhone.Deploy.0 = Debug|iPhone
		{2E585898-A4E7-4B91-B199-D9A7A0A368E4}.Debug|iPhoneSimulator.ActiveCfg = Debug|iPhoneSimulator
		{2E585898-A4E7-4B91-B199-D9A7A0A368E4}.Debug|iPhoneSimulator.Build.0 = Debug|iPhoneSimulator
		{2E585898-A4E7-4B91-B199-D9A7A0A368E4}.Debug|iPhoneSimulator.Deploy.0 = Debug|iPhoneSimulator
		{2E585898-A4E7-4B91-B199-D9A7A0A368E4}.Release|Any CPU.ActiveCfg = Release|iPhone
		{2E585898-A4E7-4B91-B199-D9A7A0A368E4}.Release|Any CPU.Build.0 = Release|iPhone
		{2E585898-A4E7-4B91-B199-D9A7A0A368E4}.Release|Any CPU.Deploy.0 = Release|iPhone
		{2E585898-A4E7-4B91-B199-D9A7A0A368E4}.Release|iPhone.ActiveCfg = Release|iPhone
		{2E585898-A4E7-4B91-B199-D9A7A0A368E4}.Release|iPhone.Build.0 = Release|iPhone
		{2E585898-A4E7-4B91-B199-D9A7A0A368E4}.Release|iPhone.Deploy.0 = Release|iPhone
		{2E585898-A4E7-4B91-B199-D9A7A0A368E4}.Release|iPhoneSimulator.ActiveCfg = Release|iPhoneSimulator
		{2E585898-A4E7-4B91-B199-D9A7A0A368E4}.Release|iPhoneSimulator.Build.0 = Release|iPhoneSimulator
		{2E585898-A4E7-4B91-B199-D9A7A0A368E4}.Release|iPhoneSimulator.Deploy.0 = Release|iPhoneSimulator
		{35236CF2-912D-4451-ABEE-6110FA031DF8}.Debug|Any CPU.ActiveCfg = Debug|Any CPU
		{35236CF2-912D-4451-ABEE-6110FA031DF8}.Debug|Any CPU.Build.0 = Debug|Any CPU
		{35236CF2-912D-4451-ABEE-6110FA031DF8}.Debug|Any CPU.Deploy.0 = Debug|Any CPU
		{35236CF2-912D-4451-ABEE-6110FA031DF8}.Debug|iPhone.ActiveCfg = Debug|Any CPU
		{35236CF2-912D-4451-ABEE-6110FA031DF8}.Debug|iPhone.Build.0 = Debug|Any CPU
		{35236CF2-912D-4451-ABEE-6110FA031DF8}.Debug|iPhone.Deploy.0 = Debug|Any CPU
		{35236CF2-912D-4451-ABEE-6110FA031DF8}.Debug|iPhoneSimulator.ActiveCfg = Debug|Any CPU
		{35236CF2-912D-4451-ABEE-6110FA031DF8}.Debug|iPhoneSimulator.Build.0 = Debug|Any CPU
		{35236CF2-912D-4451-ABEE-6110FA031DF8}.Debug|iPhoneSimulator.Deploy.0 = Debug|Any CPU
		{35236CF2-912D-4451-ABEE-6110FA031DF8}.Release|Any CPU.ActiveCfg = Release|Any CPU
		{35236CF2-912D-4451-ABEE-6110FA031DF8}.Release|Any CPU.Build.0 = Release|Any CPU
		{35236CF2-912D-4451-ABEE-6110FA031DF8}.Release|Any CPU.Deploy.0 = Release|Any CPU
		{35236CF2-912D-4451-ABEE-6110FA031DF8}.Release|iPhone.ActiveCfg = Release|Any CPU
		{35236CF2-912D-4451-ABEE-6110FA031DF8}.Release|iPhone.Build.0 = Release|Any CPU
		{35236CF2-912D-4451-ABEE-6110FA031DF8}.Release|iPhone.Deploy.0 = Release|Any CPU
		{35236CF2-912D-4451-ABEE-6110FA031DF8}.Release|iPhoneSimulator.ActiveCfg = Release|Any CPU
		{35236CF2-912D-4451-ABEE-6110FA031DF8}.Release|iPhoneSimulator.Build.0 = Release|Any CPU
		{35236CF2-912D-4451-ABEE-6110FA031DF8}.Release|iPhoneSimulator.Deploy.0 = Release|Any CPU
	EndGlobalSection
	GlobalSection(SolutionProperties) = preSolution
		HideSolutionNode = FALSE
	EndGlobalSection
	GlobalSection(ExtensibilityGlobals) = postSolution
		SolutionGuid = {C489DEF6-B669-478C-9FB9-27BB8BA00B6E}
	EndGlobalSection
EndGlobal
